{
  "nodes": {
    "flake-utils": {
      "inputs": {
        "systems": "systems"
      },
      "locked": {
        "lastModified": 1731533236,
        "narHash": "sha256-l0KFg5HjrsfsO/JpG+r7fRrqm12kzFHyUHqHCVpMMbI=",
        "owner": "numtide",
        "repo": "flake-utils",
        "rev": "11707dc2f618dd54ca8739b309ec4fc024de578b",
        "type": "github"
      },
      "original": {
        "owner": "numtide",
        "repo": "flake-utils",
        "type": "github"
      }
    },
    "flake-utils_10": {
      "inputs": {
        "systems": "systems_10"
      },
      "locked": {
        "lastModified": 1731533236,
        "narHash": "sha256-l0KFg5HjrsfsO/JpG+r7fRrqm12kzFHyUHqHCVpMMbI=",
        "owner": "numtide",
        "repo": "flake-utils",
        "rev": "11707dc2f618dd54ca8739b309ec4fc024de578b",
        "type": "github"
      },
      "original": {
        "owner": "numtide",
        "repo": "flake-utils",
        "type": "github"
      }
    },
    "flake-utils_11": {
      "inputs": {
        "systems": "systems_11"
      },
      "locked": {
        "lastModified": 1731533236,
        "narHash": "sha256-l0KFg5HjrsfsO/JpG+r7fRrqm12kzFHyUHqHCVpMMbI=",
        "owner": "numtide",
        "repo": "flake-utils",
        "rev": "11707dc2f618dd54ca8739b309ec4fc024de578b",
        "type": "github"
      },
      "original": {
        "owner": "numtide",
        "repo": "flake-utils",
        "type": "github"
      }
    },
    "flake-utils_12": {
      "inputs": {
        "systems": "systems_12"
      },
      "locked": {
        "lastModified": 1731533236,
        "narHash": "sha256-l0KFg5HjrsfsO/JpG+r7fRrqm12kzFHyUHqHCVpMMbI=",
        "owner": "numtide",
        "repo": "flake-utils",
        "rev": "11707dc2f618dd54ca8739b309ec4fc024de578b",
        "type": "github"
      },
      "original": {
        "owner": "numtide",
        "repo": "flake-utils",
        "type": "github"
      }
    },
    "flake-utils_13": {
      "inputs": {
        "systems": "systems_13"
      },
      "locked": {
        "lastModified": 1731533236,
        "narHash": "sha256-l0KFg5HjrsfsO/JpG+r7fRrqm12kzFHyUHqHCVpMMbI=",
        "owner": "numtide",
        "repo": "flake-utils",
        "rev": "11707dc2f618dd54ca8739b309ec4fc024de578b",
        "type": "github"
      },
      "original": {
        "owner": "numtide",
        "repo": "flake-utils",
        "type": "github"
      }
    },
    "flake-utils_14": {
      "inputs": {
        "systems": "systems_14"
      },
      "locked": {
        "lastModified": 1731533236,
        "narHash": "sha256-l0KFg5HjrsfsO/JpG+r7fRrqm12kzFHyUHqHCVpMMbI=",
        "owner": "numtide",
        "repo": "flake-utils",
        "rev": "11707dc2f618dd54ca8739b309ec4fc024de578b",
        "type": "github"
      },
      "original": {
        "owner": "numtide",
        "repo": "flake-utils",
        "type": "github"
      }
    },
    "flake-utils_15": {
      "inputs": {
        "systems": "systems_15"
      },
      "locked": {
        "lastModified": 1731533236,
        "narHash": "sha256-l0KFg5HjrsfsO/JpG+r7fRrqm12kzFHyUHqHCVpMMbI=",
        "owner": "numtide",
        "repo": "flake-utils",
        "rev": "11707dc2f618dd54ca8739b309ec4fc024de578b",
        "type": "github"
      },
      "original": {
        "owner": "numtide",
        "repo": "flake-utils",
        "type": "github"
      }
    },
    "flake-utils_16": {
      "inputs": {
        "systems": "systems_16"
      },
      "locked": {
        "lastModified": 1731533236,
        "narHash": "sha256-l0KFg5HjrsfsO/JpG+r7fRrqm12kzFHyUHqHCVpMMbI=",
        "owner": "numtide",
        "repo": "flake-utils",
        "rev": "11707dc2f618dd54ca8739b309ec4fc024de578b",
        "type": "github"
      },
      "original": {
        "owner": "numtide",
        "repo": "flake-utils",
        "type": "github"
      }
    },
    "flake-utils_17": {
      "inputs": {
        "systems": "systems_17"
      },
      "locked": {
        "lastModified": 1731533236,
        "narHash": "sha256-l0KFg5HjrsfsO/JpG+r7fRrqm12kzFHyUHqHCVpMMbI=",
        "owner": "numtide",
        "repo": "flake-utils",
        "rev": "11707dc2f618dd54ca8739b309ec4fc024de578b",
        "type": "github"
      },
      "original": {
        "owner": "numtide",
        "repo": "flake-utils",
        "type": "github"
      }
    },
    "flake-utils_18": {
      "inputs": {
        "systems": "systems_18"
      },
      "locked": {
        "lastModified": 1731533236,
        "narHash": "sha256-l0KFg5HjrsfsO/JpG+r7fRrqm12kzFHyUHqHCVpMMbI=",
        "owner": "numtide",
        "repo": "flake-utils",
        "rev": "11707dc2f618dd54ca8739b309ec4fc024de578b",
        "type": "github"
      },
      "original": {
        "owner": "numtide",
        "repo": "flake-utils",
        "type": "github"
      }
    },
    "flake-utils_19": {
      "inputs": {
        "systems": "systems_19"
      },
      "locked": {
        "lastModified": 1731533236,
        "narHash": "sha256-l0KFg5HjrsfsO/JpG+r7fRrqm12kzFHyUHqHCVpMMbI=",
        "owner": "numtide",
        "repo": "flake-utils",
        "rev": "11707dc2f618dd54ca8739b309ec4fc024de578b",
        "type": "github"
      },
      "original": {
        "owner": "numtide",
        "repo": "flake-utils",
        "type": "github"
      }
    },
    "flake-utils_2": {
      "inputs": {
        "systems": "systems_2"
      },
      "locked": {
        "lastModified": 1731533236,
        "narHash": "sha256-l0KFg5HjrsfsO/JpG+r7fRrqm12kzFHyUHqHCVpMMbI=",
        "owner": "numtide",
        "repo": "flake-utils",
        "rev": "11707dc2f618dd54ca8739b309ec4fc024de578b",
        "type": "github"
      },
      "original": {
        "owner": "numtide",
        "repo": "flake-utils",
        "type": "github"
      }
    },
    "flake-utils_20": {
      "inputs": {
        "systems": "systems_20"
      },
      "locked": {
        "lastModified": 1731533236,
        "narHash": "sha256-l0KFg5HjrsfsO/JpG+r7fRrqm12kzFHyUHqHCVpMMbI=",
        "owner": "numtide",
        "repo": "flake-utils",
        "rev": "11707dc2f618dd54ca8739b309ec4fc024de578b",
        "type": "github"
      },
      "original": {
        "owner": "numtide",
        "repo": "flake-utils",
        "type": "github"
      }
    },
    "flake-utils_3": {
      "inputs": {
        "systems": "systems_3"
      },
      "locked": {
        "lastModified": 1731533236,
        "narHash": "sha256-l0KFg5HjrsfsO/JpG+r7fRrqm12kzFHyUHqHCVpMMbI=",
        "owner": "numtide",
        "repo": "flake-utils",
        "rev": "11707dc2f618dd54ca8739b309ec4fc024de578b",
        "type": "github"
      },
      "original": {
        "owner": "numtide",
        "repo": "flake-utils",
        "type": "github"
      }
    },
    "flake-utils_4": {
      "inputs": {
        "systems": "systems_4"
      },
      "locked": {
        "lastModified": 1731533236,
        "narHash": "sha256-l0KFg5HjrsfsO/JpG+r7fRrqm12kzFHyUHqHCVpMMbI=",
        "owner": "numtide",
        "repo": "flake-utils",
        "rev": "11707dc2f618dd54ca8739b309ec4fc024de578b",
        "type": "github"
      },
      "original": {
        "owner": "numtide",
        "repo": "flake-utils",
        "type": "github"
      }
    },
    "flake-utils_5": {
      "inputs": {
        "systems": "systems_5"
      },
      "locked": {
        "lastModified": 1731533236,
        "narHash": "sha256-l0KFg5HjrsfsO/JpG+r7fRrqm12kzFHyUHqHCVpMMbI=",
        "owner": "numtide",
        "repo": "flake-utils",
        "rev": "11707dc2f618dd54ca8739b309ec4fc024de578b",
        "type": "github"
      },
      "original": {
        "owner": "numtide",
        "repo": "flake-utils",
        "type": "github"
      }
    },
    "flake-utils_6": {
      "inputs": {
        "systems": "systems_6"
      },
      "locked": {
        "lastModified": 1731533236,
        "narHash": "sha256-l0KFg5HjrsfsO/JpG+r7fRrqm12kzFHyUHqHCVpMMbI=",
        "owner": "numtide",
        "repo": "flake-utils",
        "rev": "11707dc2f618dd54ca8739b309ec4fc024de578b",
        "type": "github"
      },
      "original": {
        "owner": "numtide",
        "repo": "flake-utils",
        "type": "github"
      }
    },
    "flake-utils_7": {
      "inputs": {
        "systems": "systems_7"
      },
      "locked": {
        "lastModified": 1731533236,
        "narHash": "sha256-l0KFg5HjrsfsO/JpG+r7fRrqm12kzFHyUHqHCVpMMbI=",
        "owner": "numtide",
        "repo": "flake-utils",
        "rev": "11707dc2f618dd54ca8739b309ec4fc024de578b",
        "type": "github"
      },
      "original": {
        "owner": "numtide",
        "repo": "flake-utils",
        "type": "github"
      }
    },
    "flake-utils_8": {
      "inputs": {
        "systems": "systems_8"
      },
      "locked": {
        "lastModified": 1731533236,
        "narHash": "sha256-l0KFg5HjrsfsO/JpG+r7fRrqm12kzFHyUHqHCVpMMbI=",
        "owner": "numtide",
        "repo": "flake-utils",
        "rev": "11707dc2f618dd54ca8739b309ec4fc024de578b",
        "type": "github"
      },
      "original": {
        "owner": "numtide",
        "repo": "flake-utils",
        "type": "github"
      }
    },
    "flake-utils_9": {
      "inputs": {
        "systems": "systems_9"
      },
      "locked": {
        "lastModified": 1731533236,
        "narHash": "sha256-l0KFg5HjrsfsO/JpG+r7fRrqm12kzFHyUHqHCVpMMbI=",
        "owner": "numtide",
        "repo": "flake-utils",
        "rev": "11707dc2f618dd54ca8739b309ec4fc024de578b",
        "type": "github"
      },
      "original": {
        "owner": "numtide",
        "repo": "flake-utils",
        "type": "github"
      }
    },
    "golden-argocd": {
      "inputs": {
        "flake-utils": "flake-utils_2",
        "golden-base": "golden-base",
        "golden-engine": [
          "golden-engine"
        ],
        "golden-github": "golden-github",
        "golden-service": "golden-service",
        "nixpkgs": [
          "nixpkgs"
        ]
      },
      "locked": {
        "dir": "golden-argocd",
        "lastModified": 1786915216,
        "narHash": "sha256-l+JTSL00ozqhx64Y3/fyj4lDdlo2xRO/0okHWOD7eEE=",
        "owner": "Fomiller",
        "repo": "flake-hub",
        "rev": "e9468c1ff75d18ed62b9e4c9a6837520fa55d806",
        "type": "github"
      },
      "original": {
        "dir": "golden-argocd",
        "owner": "Fomiller",
        "ref": "refs/tags/golden-argocd-0.3.1",
        "repo": "flake-hub",
        "type": "github"
      }
    },
    "golden-base": {
      "inputs": {
        "flake-utils": "flake-utils_3",
        "golden-engine": "golden-engine",
        "nixpkgs": "nixpkgs"
      },
      "locked": {
        "path": "../golden-base",
        "type": "path"
      },
      "original": {
        "path": "../golden-base",
        "type": "path"
      },
      "parent": [
        "golden-argocd"
      ]
    },
    "golden-base_10": {
      "inputs": {
        "flake-utils": "flake-utils_20",
        "golden-engine": "golden-engine_14",
        "nixpkgs": "nixpkgs_13"
      },
      "locked": {
        "path": "../golden-base",
        "type": "path"
      },
      "original": {
        "path": "../golden-base",
        "type": "path"
      },
      "parent": [
        "golden-service",
        "golden-github"
      ]
    },
    "golden-base_2": {
      "inputs": {
        "flake-utils": "flake-utils_5",
        "golden-engine": "golden-engine_2",
        "nixpkgs": "nixpkgs_2"
      },
      "locked": {
        "path": "../golden-base",
        "type": "path"
      },
      "original": {
        "path": "../golden-base",
        "type": "path"
      },
      "parent": [
        "golden-argocd",
        "golden-github"
      ]
    },
    "golden-base_3": {
      "inputs": {
        "flake-utils": "flake-utils_7",
        "golden-engine": "golden-engine_4",
        "nixpkgs": "nixpkgs_4"
      },
      "locked": {
        "path": "../golden-base",
        "type": "path"
      },
      "original": {
        "path": "../golden-base",
        "type": "path"
      },
      "parent": [
        "golden-argocd",
        "golden-service"
      ]
    },
    "golden-base_4": {
      "inputs": {
        "flake-utils": "flake-utils_9",
        "golden-engine": "golden-engine_6",
        "nixpkgs": "nixpkgs_5"
      },
      "locked": {
        "path": "../golden-base",
        "type": "path"
      },
      "original": {
        "path": "../golden-base",
        "type": "path"
      },
      "parent": [
        "golden-argocd",
        "golden-service",
        "golden-github"
      ]
    },
    "golden-base_5": {
      "inputs": {
        "flake-utils": "flake-utils_10",
        "golden-engine": [
          "golden-engine"
        ],
        "nixpkgs": [
          "nixpkgs"
        ]
      },
      "locked": {
        "dir": "golden-base",
        "lastModified": 1786914485,
        "narHash": "sha256-Gs7hxtTOVMxX2/Qm2+64moDQCc3obI4Qd36PmX/XKl0=",
        "owner": "Fomiller",
        "repo": "flake-hub",
        "rev": "68be9ee87e6d2d1bf3273f2f8235802ec1aca629",
        "type": "github"
      },
      "original": {
        "dir": "golden-base",
        "owner": "Fomiller",
        "ref": "refs/tags/golden-base-0.3.0",
        "repo": "flake-hub",
        "type": "github"
      }
    },
    "golden-base_6": {
      "inputs": {
        "flake-utils": "flake-utils_12",
        "golden-engine": "golden-engine_9",
        "nixpkgs": "nixpkgs_8"
      },
      "locked": {
        "path": "../golden-base",
        "type": "path"
      },
      "original": {
        "path": "../golden-base",
        "type": "path"
      },
      "parent": [
        "golden-github"
      ]
    },
    "golden-base_7": {
      "inputs": {
        "flake-utils": "flake-utils_14",
        "golden-engine": "golden-engine_10",
        "nixpkgs": "nixpkgs_9"
      },
      "locked": {
        "path": "../golden-base",
        "type": "path"
      },
      "original": {
        "path": "../golden-base",
        "type": "path"
      },
      "parent": [
        "golden-infra"
      ]
    },
    "golden-base_8": {
      "inputs": {
        "flake-utils": "flake-utils_16",
        "golden-engine": "golden-engine_11",
        "nixpkgs": "nixpkgs_10"
      },
      "locked": {
        "path": "../golden-base",
        "type": "path"
      },
      "original": {
        "path": "../golden-base",
        "type": "path"
      },
      "parent": [
        "golden-infra",
        "golden-github"
      ]
    },
    "golden-base_9": {
      "inputs": {
        "flake-utils": "flake-utils_18",
        "golden-engine": "golden-engine_13",
        "nixpkgs": "nixpkgs_12"
      },
      "locked": {
        "path": "../golden-base",
        "type": "path"
      },
      "original": {
        "path": "../golden-base",
        "type": "path"
      },
      "parent": [
        "golden-service"
      ]
    },
    "golden-engine": {
      "locked": {
        "path": "../golden-engine",
        "type": "path"
      },
      "original": {
        "path": "../golden-engine",
        "type": "path"
      },
      "parent": [
        "golden-argocd",
        "golden-base"
      ]
    },
    "golden-engine_10": {
      "locked": {
        "path": "../golden-engine",
        "type": "path"
      },
      "original": {
        "path": "../golden-engine",
        "type": "path"
      },
      "parent": [
        "golden-infra",
        "golden-base"
      ]
    },
    "golden-engine_11": {
      "locked": {
        "path": "../golden-engine",
        "type": "path"
      },
      "original": {
        "path": "../golden-engine",
        "type": "path"
      },
      "parent": [
        "golden-infra",
        "golden-github",
        "golden-base"
      ]
    },
    "golden-engine_12": {
      "locked": {
        "path": "../golden-engine",
        "type": "path"
      },
      "original": {
        "path": "../golden-engine",
        "type": "path"
      },
      "parent": [
        "golden-infra",
        "golden-github"
      ]
    },
    "golden-engine_13": {
      "locked": {
        "path": "../golden-engine",
        "type": "path"
      },
      "original": {
        "path": "../golden-engine",
        "type": "path"
      },
      "parent": [
        "golden-service",
        "golden-base"
      ]
    },
    "golden-engine_14": {
      "locked": {
        "path": "../golden-engine",
        "type": "path"
      },
      "original": {
        "path": "../golden-engine",
        "type": "path"
      },
      "parent": [
        "golden-service",
        "golden-github",
        "golden-base"
      ]
    },
    "golden-engine_15": {
      "locked": {
        "path": "../golden-engine",
        "type": "path"
      },
      "original": {
        "path": "../golden-engine",
        "type": "path"
      },
      "parent": [
        "golden-service",
        "golden-github"
      ]
    },
    "golden-engine_2": {
      "locked": {
        "path": "../golden-engine",
        "type": "path"
      },
      "original": {
        "path": "../golden-engine",
        "type": "path"
      },
      "parent": [
        "golden-argocd",
        "golden-github",
        "golden-base"
      ]
    },
    "golden-engine_3": {
      "locked": {
        "path": "../golden-engine",
        "type": "path"
      },
      "original": {
        "path": "../golden-engine",
        "type": "path"
      },
      "parent": [
        "golden-argocd",
        "golden-github"
      ]
    },
    "golden-engine_4": {
      "locked": {
        "path": "../golden-engine",
        "type": "path"
      },
      "original": {
        "path": "../golden-engine",
        "type": "path"
      },
      "parent": [
        "golden-argocd",
        "golden-service",
        "golden-base"
      ]
    },
    "golden-engine_5": {
      "locked": {
        "path": "../golden-engine",
        "type": "path"
      },
      "original": {
        "path": "../golden-engine",
        "type": "path"
      },
      "parent": [
        "golden-argocd",
        "golden-service"
      ]
    },
    "golden-engine_6": {
      "locked": {
        "path": "../golden-engine",
        "type": "path"
      },
      "original": {
        "path": "../golden-engine",
        "type": "path"
      },
      "parent": [
        "golden-argocd",
        "golden-service",
        "golden-github",
        "golden-base"
      ]
    },
    "golden-engine_7": {
      "locked": {
        "path": "../golden-engine",
        "type": "path"
      },
      "original": {
        "path": "../golden-engine",
        "type": "path"
      },
      "parent": [
        "golden-argocd",
        "golden-service",
        "golden-github"
      ]
    },
    "golden-engine_8": {
      "locked": {
        "dir": "golden-engine",
        "lastModified": 1786910990,
        "narHash": "sha256-DUKtXIVfy9AXTm9YPkTW6Orh07D4H1Vl9JFc1ubOz6Q=",
        "owner": "Fomiller",
        "repo": "flake-hub",
        "rev": "00c47a392aa283e0f5a8eebac7b832fea65b395c",
        "type": "github"
      },
      "original": {
        "dir": "golden-engine",
        "owner": "Fomiller",
        "ref": "refs/tags/golden-engine-0.3.0",
        "repo": "flake-hub",
        "type": "github"
      }
    },
    "golden-engine_9": {
      "locked": {
        "path": "../golden-engine",
        "type": "path"
      },
      "original": {
        "path": "../golden-engine",
        "type": "path"
      },
      "parent": [
        "golden-github",
        "golden-base"
      ]
    },
    "golden-github": {
      "inputs": {
        "flake-utils": "flake-utils_4",
        "golden-base": "golden-base_2",
        "golden-engine": "golden-engine_3",
        "nixpkgs": "nixpkgs_3"
      },
      "locked": {
        "path": "../golden-github",
        "type": "path"
      },
      "original": {
        "path": "../golden-github",
        "type": "path"
      },
      "parent": [
        "golden-argocd"
      ]
    },
    "golden-github_2": {
      "inputs": {
        "flake-utils": "flake-utils_8",
        "golden-base": "golden-base_4",
        "golden-engine": "golden-engine_7",
        "nixpkgs": "nixpkgs_6"
      },
      "locked": {
        "path": "../golden-github",
        "type": "path"
      },
      "original": {
        "path": "../golden-github",
        "type": "path"
      },
      "parent": [
        "golden-argocd",
        "golden-service"
      ]
    },
    "golden-github_3": {
      "inputs": {
        "flake-utils": "flake-utils_11",
        "golden-base": "golden-base_6",
        "golden-engine": [
          "golden-engine"
        ],
        "nixpkgs": [
          "nixpkgs"
        ]
      },
      "locked": {
        "dir": "golden-github",
        "lastModified": 1786914485,
        "narHash": "sha256-Gs7hxtTOVMxX2/Qm2+64moDQCc3obI4Qd36PmX/XKl0=",
        "owner": "Fomiller",
        "repo": "flake-hub",
        "rev": "68be9ee87e6d2d1bf3273f2f8235802ec1aca629",
        "type": "github"
      },
      "original": {
        "dir": "golden-github",
        "owner": "Fomiller",
        "ref": "refs/tags/golden-github-0.4.0",
        "repo": "flake-hub",
        "type": "github"
      }
    },
    "golden-github_4": {
      "inputs": {
        "flake-utils": "flake-utils_15",
        "golden-base": "golden-base_8",
        "golden-engine": "golden-engine_12",
        "nixpkgs": "nixpkgs_11"
      },
      "locked": {
        "path": "../golden-github",
        "type": "path"
      },
      "original": {
        "path": "../golden-github",
        "type": "path"
      },
      "parent": [
        "golden-infra"
      ]
    },
    "golden-github_5": {
      "inputs": {
        "flake-utils": "flake-utils_19",
        "golden-base": "golden-base_10",
        "golden-engine": "golden-engine_15",
        "nixpkgs": "nixpkgs_14"
      },
      "locked": {
        "path": "../golden-github",
        "type": "path"
      },
      "original": {
        "path": "../golden-github",
        "type": "path"
      },
      "parent": [
        "golden-service"
      ]
    },
    "golden-infra": {
      "inputs": {
        "flake-utils": "flake-utils_13",
        "golden-base": "golden-base_7",
        "golden-engine": [
          "golden-engine"
        ],
        "golden-github": "golden-github_4",
        "nixpkgs": [
          "nixpkgs"
        ]
      },
      "locked": {
        "dir": "golden-infra",
        "lastModified": 1786914485,
        "narHash": "sha256-Gs7hxtTOVMxX2/Qm2+64moDQCc3obI4Qd36PmX/XKl0=",
        "owner": "Fomiller",
        "repo": "flake-hub",
        "rev": "68be9ee87e6d2d1bf3273f2f8235802ec1aca629",
        "type": "github"
      },
      "original": {
        "dir": "golden-infra",
        "owner": "Fomiller",
        "ref": "refs/tags/golden-infra-0.2.0",
        "repo": "flake-hub",
        "type": "github"
      }
    },
    "golden-service": {
      "inputs": {
        "flake-utils": "flake-utils_6",
        "golden-base": "golden-base_3",
        "golden-engine": "golden-engine_5",
        "golden-github": "golden-github_2",
        "nixpkgs": "nixpkgs_7"
      },
      "locked": {
        "path": "../golden-service",
        "type": "path"
      },
      "original": {
        "path": "../golden-service",
        "type": "path"
      },
      "parent": [
        "golden-argocd"
      ]
    },
    "golden-service_2": {
      "inputs": {
        "flake-utils": "flake-utils_17",
        "golden-base": "golden-base_9",
        "golden-engine": [
          "golden-engine"
        ],
        "golden-github": "golden-github_5",
        "nixpkgs": [
          "nixpkgs"
        ]
      },
      "locked": {
        "dir": "golden-service",
        "lastModified": 1786914485,
        "narHash": "sha256-Gs7hxtTOVMxX2/Qm2+64moDQCc3obI4Qd36PmX/XKl0=",
        "owner": "Fomiller",
        "repo": "flake-hub",
        "rev": "68be9ee87e6d2d1bf3273f2f8235802ec1aca629",
        "type": "github"
      },
      "original": {
        "dir": "golden-service",
        "owner": "Fomiller",
        "ref": "refs/tags/golden-service-0.4.0",
        "repo": "flake-hub",
        "type": "github"
      }
    },
    "nixpkgs": {
      "locked": {
        "lastModified": 1786599213,
        "narHash": "sha256-yNJd40f11EzXBjSByCB7IPpeFFAdeoSKKM67dGkfFoU=",
        "owner": "NixOS",
        "repo": "nixpkgs",
        "rev": "0e251e24a4f24e036a084b6b4b2d2491af4167f4",
        "type": "github"
      },
      "original": {
        "owner": "NixOS",
        "ref": "nixos-unstable",
        "repo": "nixpkgs",
        "type": "github"
      }
    },
    "nixpkgs_10": {
      "locked": {
        "lastModified": 1786599213,
        "narHash": "sha256-yNJd40f11EzXBjSByCB7IPpeFFAdeoSKKM67dGkfFoU=",
        "owner": "NixOS",
        "repo": "nixpkgs",
        "rev": "0e251e24a4f24e036a084b6b4b2d2491af4167f4",
        "type": "github"
      },
      "original": {
        "owner": "NixOS",
        "ref": "nixos-unstable",
        "repo": "nixpkgs",
        "type": "github"
      }
    },
    "nixpkgs_11": {
      "locked": {
        "lastModified": 1786599213,
        "narHash": "sha256-yNJd40f11EzXBjSByCB7IPpeFFAdeoSKKM67dGkfFoU=",
        "owner": "NixOS",
        "repo": "nixpkgs",
        "rev": "0e251e24a4f24e036a084b6b4b2d2491af4167f4",
        "type": "github"
      },
      "original": {
        "owner": "NixOS",
        "ref": "nixos-unstable",
        "repo": "nixpkgs",
        "type": "github"
      }
    },
    "nixpkgs_12": {
      "locked": {
        "lastModified": 1786599213,
        "narHash": "sha256-yNJd40f11EzXBjSByCB7IPpeFFAdeoSKKM67dGkfFoU=",
        "owner": "NixOS",
        "repo": "nixpkgs",
        "rev": "0e251e24a4f24e036a084b6b4b2d2491af4167f4",
        "type": "github"
      },
      "original": {
        "owner": "NixOS",
        "ref": "nixos-unstable",
        "repo": "nixpkgs",
        "type": "github"
      }
    },
    "nixpkgs_13": {
      "locked": {
        "lastModified": 1786599213,
        "narHash": "sha256-yNJd40f11EzXBjSByCB7IPpeFFAdeoSKKM67dGkfFoU=",
        "owner": "NixOS",
        "repo": "nixpkgs",
        "rev": "0e251e24a4f24e036a084b6b4b2d2491af4167f4",
        "type": "github"
      },
      "original": {
        "owner": "NixOS",
        "ref": "nixos-unstable",
        "repo": "nixpkgs",
        "type": "github"
      }
    },
    "nixpkgs_14": {
      "locked": {
        "lastModified": 1786599213,
        "narHash": "sha256-yNJd40f11EzXBjSByCB7IPpeFFAdeoSKKM67dGkfFoU=",
        "owner": "NixOS",
        "repo": "nixpkgs",
        "rev": "0e251e24a4f24e036a084b6b4b2d2491af4167f4",
        "type": "github"
      },
      "original": {
        "owner": "NixOS",
        "ref": "nixos-unstable",
        "repo": "nixpkgs",
        "type": "github"
      }
    },
    "nixpkgs_15": {
      "locked": {
        "lastModified": 1786862985,
        "narHash": "sha256-FBJRXmbGXiSUDvYEbfLYRkckayyZ6SK1UEqhCrIZ2Cs=",
        "owner": "NixOS",
        "repo": "nixpkgs",
        "rev": "e5bdc4a41d4c072fe1e3787eaa0320a384741d44",
        "type": "github"
      },
      "original": {
        "owner": "NixOS",
        "ref": "nixos-unstable",
        "repo": "nixpkgs",
        "type": "github"
      }
    },
    "nixpkgs_2": {
      "locked": {
        "lastModified": 1786599213,
        "narHash": "sha256-yNJd40f11EzXBjSByCB7IPpeFFAdeoSKKM67dGkfFoU=",
        "owner": "NixOS",
        "repo": "nixpkgs",
        "rev": "0e251e24a4f24e036a084b6b4b2d2491af4167f4",
        "type": "github"
      },
      "original": {
        "owner": "NixOS",
        "ref": "nixos-unstable",
        "repo": "nixpkgs",
        "type": "github"
      }
    },
    "nixpkgs_3": {
      "locked": {
        "lastModified": 1786599213,
        "narHash": "sha256-yNJd40f11EzXBjSByCB7IPpeFFAdeoSKKM67dGkfFoU=",
        "owner": "NixOS",
        "repo": "nixpkgs",
        "rev": "0e251e24a4f24e036a084b6b4b2d2491af4167f4",
        "type": "github"
      },
      "original": {
        "owner": "NixOS",
        "ref": "nixos-unstable",
        "repo": "nixpkgs",
        "type": "github"
      }
    },
    "nixpkgs_4": {
      "locked": {
        "lastModified": 1786599213,
        "narHash": "sha256-yNJd40f11EzXBjSByCB7IPpeFFAdeoSKKM67dGkfFoU=",
        "owner": "NixOS",
        "repo": "nixpkgs",
        "rev": "0e251e24a4f24e036a084b6b4b2d2491af4167f4",
        "type": "github"
      },
      "original": {
        "owner": "NixOS",
        "ref": "nixos-unstable",
        "repo": "nixpkgs",
        "type": "github"
      }
    },
    "nixpkgs_5": {
      "locked": {
        "lastModified": 1786599213,
        "narHash": "sha256-yNJd40f11EzXBjSByCB7IPpeFFAdeoSKKM67dGkfFoU=",
        "owner": "NixOS",
        "repo": "nixpkgs",
        "rev": "0e251e24a4f24e036a084b6b4b2d2491af4167f4",
        "type": "github"
      },
      "original": {
        "owner": "NixOS",
        "ref": "nixos-unstable",
        "repo": "nixpkgs",
        "type": "github"
      }
    },
    "nixpkgs_6": {
      "locked": {
        "lastModified": 1786599213,
        "narHash": "sha256-yNJd40f11EzXBjSByCB7IPpeFFAdeoSKKM67dGkfFoU=",
        "owner": "NixOS",
        "repo": "nixpkgs",
        "rev": "0e251e24a4f24e036a084b6b4b2d2491af4167f4",
        "type": "github"
      },
      "original": {
        "owner": "NixOS",
        "ref": "nixos-unstable",
        "repo": "nixpkgs",
        "type": "github"
      }
    },
    "nixpkgs_7": {
      "locked": {
        "lastModified": 1786599213,
        "narHash": "sha256-yNJd40f11EzXBjSByCB7IPpeFFAdeoSKKM67dGkfFoU=",
        "owner": "NixOS",
        "repo": "nixpkgs",
        "rev": "0e251e24a4f24e036a084b6b4b2d2491af4167f4",
        "type": "github"
      },
      "original": {
        "owner": "NixOS",
        "ref": "nixos-unstable",
        "repo": "nixpkgs",
        "type": "github"
      }
    },
    "nixpkgs_8": {
      "locked": {
        "lastModified": 1786599213,
        "narHash": "sha256-yNJd40f11EzXBjSByCB7IPpeFFAdeoSKKM67dGkfFoU=",
        "owner": "NixOS",
        "repo": "nixpkgs",
        "rev": "0e251e24a4f24e036a084b6b4b2d2491af4167f4",
        "type": "github"
      },
      "original": {
        "owner": "NixOS",
        "ref": "nixos-unstable",
        "repo": "nixpkgs",
        "type": "github"
      }
    },
    "nixpkgs_9": {
      "locked": {
        "lastModified": 1786599213,
        "narHash": "sha256-yNJd40f11EzXBjSByCB7IPpeFFAdeoSKKM67dGkfFoU=",
        "owner": "NixOS",
        "repo": "nixpkgs",
        "rev": "0e251e24a4f24e036a084b6b4b2d2491af4167f4",
        "type": "github"
      },
      "original": {
        "owner": "NixOS",
        "ref": "nixos-unstable",
        "repo": "nixpkgs",
        "type": "github"
      }
    },
    "root": {
      "inputs": {
        "flake-utils": "flake-utils",
        "golden-argocd": "golden-argocd",
        "golden-base": "golden-base_5",
        "golden-engine": "golden-engine_8",
        "golden-github": "golden-github_3",
        "golden-infra": "golden-infra",
        "golden-service": "golden-service_2",
        "nixpkgs": "nixpkgs_15"
      }
    },
    "systems": {
      "locked": {
        "lastModified": 1681028828,
        "narHash": "sha256-Vy1rq5AaRuLzOxct8nz4T6wlgyUR7zLU309k9mBC768=",
        "owner": "nix-systems",
        "repo": "default",
        "rev": "da67096a3b9bf56a91d16901293e51ba5b49a27e",
        "type": "github"
      },
      "original": {
        "owner": "nix-systems",
        "repo": "default",
        "type": "github"
      }
    },
    "systems_10": {
      "locked": {
        "lastModified": 1681028828,
        "narHash": "sha256-Vy1rq5AaRuLzOxct8nz4T6wlgyUR7zLU309k9mBC768=",
        "owner": "nix-systems",
        "repo": "default",
        "rev": "da67096a3b9bf56a91d16901293e51ba5b49a27e",
        "type": "github"
      },
      "original": {
        "owner": "nix-systems",
        "repo": "default",
        "type": "github"
      }
    },
    "systems_11": {
      "locked": {
        "lastModified": 1681028828,
        "narHash": "sha256-Vy1rq5AaRuLzOxct8nz4T6wlgyUR7zLU309k9mBC768=",
        "owner": "nix-systems",
        "repo": "default",
        "rev": "da67096a3b9bf56a91d16901293e51ba5b49a27e",
        "type": "github"
      },
      "original": {
        "owner": "nix-systems",
        "repo": "default",
        "type": "github"
      }
    },
    "systems_12": {
      "locked": {
        "lastModified": 1681028828,
        "narHash": "sha256-Vy1rq5AaRuLzOxct8nz4T6wlgyUR7zLU309k9mBC768=",
        "owner": "nix-systems",
        "repo": "default",
        "rev": "da67096a3b9bf56a91d16901293e51ba5b49a27e",
        "type": "github"
      },
      "original": {
        "owner": "nix-systems",
        "repo": "default",
        "type": "github"
      }
    },
    "systems_13": {
      "locked": {
        "lastModified": 1681028828,
        "narHash": "sha256-Vy1rq5AaRuLzOxct8nz4T6wlgyUR7zLU309k9mBC768=",
        "owner": "nix-systems",
        "repo": "default",
        "rev": "da67096a3b9bf56a91d16901293e51ba5b49a27e",
        "type": "github"
      },
      "original": {
        "owner": "nix-systems",
        "repo": "default",
        "type": "github"
      }
    },
    "systems_14": {
      "locked": {
        "lastModified": 1681028828,
        "narHash": "sha256-Vy1rq5AaRuLzOxct8nz4T6wlgyUR7zLU309k9mBC768=",
        "owner": "nix-systems",
        "repo": "default",
        "rev": "da67096a3b9bf56a91d16901293e51ba5b49a27e",
        "type": "github"
      },
      "original": {
        "owner": "nix-systems",
        "repo": "default",
        "type": "github"
      }
    },
    "systems_15": {
      "locked": {
        "lastModified": 1681028828,
        "narHash": "sha256-Vy1rq5AaRuLzOxct8nz4T6wlgyUR7zLU309k9mBC768=",
        "owner": "nix-systems",
        "repo": "default",
        "rev": "da67096a3b9bf56a91d16901293e51ba5b49a27e",
        "type": "github"
      },
      "original": {
        "owner": "nix-systems",
        "repo": "default",
        "type": "github"
      }
    },
    "systems_16": {
      "locked": {
        "lastModified": 1681028828,
        "narHash": "sha256-Vy1rq5AaRuLzOxct8nz4T6wlgyUR7zLU309k9mBC768=",
        "owner": "nix-systems",
        "repo": "default",
        "rev": "da67096a3b9bf56a91d16901293e51ba5b49a27e",
        "type": "github"
      },
      "original": {
        "owner": "nix-systems",
        "repo": "default",
        "type": "github"
      }
    },
    "systems_17": {
      "locked": {
        "lastModified": 1681028828,
        "narHash": "sha256-Vy1rq5AaRuLzOxct8nz4T6wlgyUR7zLU309k9mBC768=",
        "owner": "nix-systems",
        "repo": "default",
        "rev": "da67096a3b9bf56a91d16901293e51ba5b49a27e",
        "type": "github"
      },
      "original": {
        "owner": "nix-systems",
        "repo": "default",
        "type": "github"
      }
    },
    "systems_18": {
      "locked": {
        "lastModified": 1681028828,
        "narHash": "sha256-Vy1rq5AaRuLzOxct8nz4T6wlgyUR7zLU309k9mBC768=",
        "owner": "nix-systems",
        "repo": "default",
        "rev": "da67096a3b9bf56a91d16901293e51ba5b49a27e",
        "type": "github"
      },
      "original": {
        "owner": "nix-systems",
        "repo": "default",
        "type": "github"
      }
    },
    "systems_19": {
      "locked": {
        "lastModified": 1681028828,
        "narHash": "sha256-Vy1rq5AaRuLzOxct8nz4T6wlgyUR7zLU309k9mBC768=",
        "owner": "nix-systems",
        "repo": "default",
        "rev": "da67096a3b9bf56a91d16901293e51ba5b49a27e",
        "type": "github"
      },
      "original": {
        "owner": "nix-systems",
        "repo": "default",
        "type": "github"
      }
    },
    "systems_2": {
      "locked": {
        "lastModified": 1681028828,
        "narHash": "sha256-Vy1rq5AaRuLzOxct8nz4T6wlgyUR7zLU309k9mBC768=",
        "owner": "nix-systems",
        "repo": "default",
        "rev": "da67096a3b9bf56a91d16901293e51ba5b49a27e",
        "type": "github"
      },
      "original": {
        "owner": "nix-systems",
        "repo": "default",
        "type": "github"
      }
    },
    "systems_20": {
      "locked": {
        "lastModified": 1681028828,
        "narHash": "sha256-Vy1rq5AaRuLzOxct8nz4T6wlgyUR7zLU309k9mBC768=",
        "owner": "nix-systems",
        "repo": "default",
        "rev": "da67096a3b9bf56a91d16901293e51ba5b49a27e",
        "type": "github"
      },
      "original": {
        "owner": "nix-systems",
        "repo": "default",
        "type": "github"
      }
    },
    "systems_3": {
      "locked": {
        "lastModified": 1681028828,
        "narHash": "sha256-Vy1rq5AaRuLzOxct8nz4T6wlgyUR7zLU309k9mBC768=",
        "owner": "nix-systems",
        "repo": "default",
        "rev": "da67096a3b9bf56a91d16901293e51ba5b49a27e",
        "type": "github"
      },
      "original": {
        "owner": "nix-systems",
        "repo": "default",
        "type": "github"
      }
    },
    "systems_4": {
      "locked": {
        "lastModified": 1681028828,
        "narHash": "sha256-Vy1rq5AaRuLzOxct8nz4T6wlgyUR7zLU309k9mBC768=",
        "owner": "nix-systems",
        "repo": "default",
        "rev": "da67096a3b9bf56a91d16901293e51ba5b49a27e",
        "type": "github"
      },
      "original": {
        "owner": "nix-systems",
        "repo": "default",
        "type": "github"
      }
    },
    "systems_5": {
      "locked": {
        "lastModified": 1681028828,
        "narHash": "sha256-Vy1rq5AaRuLzOxct8nz4T6wlgyUR7zLU309k9mBC768=",
        "owner": "nix-systems",
        "repo": "default",
        "rev": "da67096a3b9bf56a91d16901293e51ba5b49a27e",
        "type": "github"
      },
      "original": {
        "owner": "nix-systems",
        "repo": "default",
        "type": "github"
      }
    },
    "systems_6": {
      "locked": {
        "lastModified": 1681028828,
        "narHash": "sha256-Vy1rq5AaRuLzOxct8nz4T6wlgyUR7zLU309k9mBC768=",
        "owner": "nix-systems",
        "repo": "default",
        "rev": "da67096a3b9bf56a91d16901293e51ba5b49a27e",
        "type": "github"
      },
      "original": {
        "owner": "nix-systems",
        "repo": "default",
        "type": "github"
      }
    },
    "systems_7": {
      "locked": {
        "lastModified": 1681028828,
        "narHash": "sha256-Vy1rq5AaRuLzOxct8nz4T6wlgyUR7zLU309k9mBC768=",
        "owner": "nix-systems",
        "repo": "default",
        "rev": "da67096a3b9bf56a91d16901293e51ba5b49a27e",
        "type": "github"
      },
      "original": {
        "owner": "nix-systems",
        "repo": "default",
        "type": "github"
      }
    },
    "systems_8": {
      "locked": {
        "lastModified": 1681028828,
        "narHash": "sha256-Vy1rq5AaRuLzOxct8nz4T6wlgyUR7zLU309k9mBC768=",
        "owner": "nix-systems",
        "repo": "default",
        "rev": "da67096a3b9bf56a91d16901293e51ba5b49a27e",
        "type": "github"
      },
      "original": {
        "owner": "nix-systems",
        "repo": "default",
        "type": "github"
      }
    },
    "systems_9": {
      "locked": {
        "lastModified": 1681028828,
        "narHash": "sha256-Vy1rq5AaRuLzOxct8nz4T6wlgyUR7zLU309k9mBC768=",
        "owner": "nix-systems",
        "repo": "default",
        "rev": "da67096a3b9bf56a91d16901293e51ba5b49a27e",
        "type": "github"
      },
      "original": {
        "owner": "nix-systems",
        "repo": "default",
        "type": "github"
      }
    }
  },
  "root": "root",
  "version": 7
}
